PODS:
  - BarcodeScanner (5.0.0)
  - IQKeyboardManagerSwift (6.5.12)

DEPENDENCIES:
  - BarcodeScanner
  - IQKeyboardManagerSwift

SPEC REPOS:
  trunk:
    - BarcodeScanner
    - IQKeyboardManagerSwift

SPEC CHECKSUMS:
  BarcodeScanner: 2f5a53198eae49dc39bf61f2c1f05c04e01ff72d
  IQKeyboardManagerSwift: 371b08cb39664fb56030f5345c815a4ffc74bbc0

PODFILE CHECKSUM: 0b9d9c45aca9c8bbdd6de8561db3cd7e389f0649

COCOAPODS: 1.12.0
