// !$*UTF8*$!
{
	archiveVersion = 1;
	classes = {
	};
	objectVersion = 55;
	objects = {

/* Begin PBXBuildFile section */
		1626CDB414C5EF159A39F98C /* Pods_Calorico_CaloricoUITests.framework in Frameworks */ = {isa = PBXBuildFile; fileRef = 91D35D32D78EB760507FD575 /* Pods_Calorico_CaloricoUITests.framework */; };
		C95D46405AB627D1668B0D72 /* Pods_CaloricoTests.framework in Frameworks */ = {isa = PBXBuildFile; fileRef = BBF7F752E152E10B83732939 /* Pods_CaloricoTests.framework */; };
		DB2AE91529DCA24400741673 /* FoodItem.swift in Sources */ = {isa = PBXBuildFile; fileRef = DB2AE91429DCA24400741673 /* FoodItem.swift */; };
		DB2AE91729DCA37B00741673 /* NetworkManager.swift in Sources */ = {isa = PBXBuildFile; fileRef = DB2AE91629DCA37B00741673 /* NetworkManager.swift */; };
		DB2AE91929DCFF6400741673 /* MacroView.swift in Sources */ = {isa = PBXBuildFile; fileRef = DB2AE91829DCFF6400741673 /* MacroView.swift */; };
		DB3712672AC637300080E5F9 /* SearchResults.swift in Sources */ = {isa = PBXBuildFile; fileRef = DB3712662AC637300080E5F9 /* SearchResults.swift */; };
		DB37126A2AC8C7E30080E5F9 /* SearchResultsCell.swift in Sources */ = {isa = PBXBuildFile; fileRef = DB3712682AC8C7E30080E5F9 /* SearchResultsCell.swift */; };
		DB37126B2AC8C7E30080E5F9 /* SearchResultsCell.xib in Resources */ = {isa = PBXBuildFile; fileRef = DB3712692AC8C7E30080E5F9 /* SearchResultsCell.xib */; };
		DB3CB45D2AAD400E00EBED4E /* CryptoSwift in Frameworks */ = {isa = PBXBuildFile; productRef = DB3CB45C2AAD400E00EBED4E /* CryptoSwift */; };
		DB3CB45F2AB02EA400EBED4E /* Barcode.swift in Sources */ = {isa = PBXBuildFile; fileRef = DB3CB45E2AB02EA400EBED4E /* Barcode.swift */; };
		DB3F24702ADB076800BFAE45 /* textFieldExt.swift in Sources */ = {isa = PBXBuildFile; fileRef = DB3F246F2ADB076800BFAE45 /* textFieldExt.swift */; };
		DB4128A12AAD348F00024EED /* FatSecret.swift in Sources */ = {isa = PBXBuildFile; fileRef = DB4128A02AAD348F00024EED /* FatSecret.swift */; };
		DB4128A92AAD391A00024EED /* Food.swift in Sources */ = {isa = PBXBuildFile; fileRef = DB4128A42AAD391A00024EED /* Food.swift */; };
		DB4128AA2AAD391A00024EED /* SearchedFood.swift in Sources */ = {isa = PBXBuildFile; fileRef = DB4128A52AAD391A00024EED /* SearchedFood.swift */; };
		DB4128AB2AAD391A00024EED /* Serving.swift in Sources */ = {isa = PBXBuildFile; fileRef = DB4128A62AAD391A00024EED /* Serving.swift */; };
		DB4128AC2AAD391A00024EED /* Search.swift in Sources */ = {isa = PBXBuildFile; fileRef = DB4128A72AAD391A00024EED /* Search.swift */; };
		DB4128AD2AAD391A00024EED /* FatSecretError.swift in Sources */ = {isa = PBXBuildFile; fileRef = DB4128A82AAD391A00024EED /* FatSecretError.swift */; };
		DB4128B02AAD393400024EED /* FatSecretParams.swift in Sources */ = {isa = PBXBuildFile; fileRef = DB4128AE2AAD393400024EED /* FatSecretParams.swift */; };
		DB4128B12AAD393400024EED /* FatSecretCredentials.swift in Sources */ = {isa = PBXBuildFile; fileRef = DB4128AF2AAD393400024EED /* FatSecretCredentials.swift */; };
		DB4128F62AAD3E1B00024EED /* URLComponents+Utils.swift in Sources */ = {isa = PBXBuildFile; fileRef = DB4128F22AAD3E1B00024EED /* URLComponents+Utils.swift */; };
		DB4128F72AAD3E1B00024EED /* CharacterSet+Utils.swift in Sources */ = {isa = PBXBuildFile; fileRef = DB4128F52AAD3E1B00024EED /* CharacterSet+Utils.swift */; };
		DB4128F82AAD3E1B00024EED /* String+Utils.swift in Sources */ = {isa = PBXBuildFile; fileRef = DB4128F42AAD3E1B00024EED /* String+Utils.swift */; };
		DB4128F92AAD3E1B00024EED /* Array+Utils.swift in Sources */ = {isa = PBXBuildFile; fileRef = DB4128F32AAD3E1B00024EED /* Array+Utils.swift */; };
		DB58EBF72A37A03E00237AC7 /* NutritionCounter.swift in Sources */ = {isa = PBXBuildFile; fileRef = DB58EBF62A37A03E00237AC7 /* NutritionCounter.swift */; };
		DB7945D22AB2308F0064A5FA /* SearchViewController.swift in Sources */ = {isa = PBXBuildFile; fileRef = DB7945D02AB2308F0064A5FA /* SearchViewController.swift */; };
		DB7945D72AB247C00064A5FA /* Autocomplete.swift in Sources */ = {isa = PBXBuildFile; fileRef = DB7945D62AB247C00064A5FA /* Autocomplete.swift */; };
		DBAA037729DB6E5A008EF134 /* AppDelegate.swift in Sources */ = {isa = PBXBuildFile; fileRef = DBAA037629DB6E5A008EF134 /* AppDelegate.swift */; };
		DBAA037929DB6E5A008EF134 /* SceneDelegate.swift in Sources */ = {isa = PBXBuildFile; fileRef = DBAA037829DB6E5A008EF134 /* SceneDelegate.swift */; };
		DBAA037B29DB6E5A008EF134 /* HomeScreen.swift in Sources */ = {isa = PBXBuildFile; fileRef = DBAA037A29DB6E5A008EF134 /* HomeScreen.swift */; };
		DBAA038129DB6E5A008EF134 /* Calorico.xcdatamodeld in Sources */ = {isa = PBXBuildFile; fileRef = DBAA037F29DB6E5A008EF134 /* Calorico.xcdatamodeld */; };
		DBAA038329DB6E5B008EF134 /* Assets.xcassets in Resources */ = {isa = PBXBuildFile; fileRef = DBAA038229DB6E5B008EF134 /* Assets.xcassets */; };
		DBAA039129DB6E5B008EF134 /* CaloricoTests.swift in Sources */ = {isa = PBXBuildFile; fileRef = DBAA039029DB6E5B008EF134 /* CaloricoTests.swift */; };
		DBAA039B29DB6E5B008EF134 /* CaloricoUITests.swift in Sources */ = {isa = PBXBuildFile; fileRef = DBAA039A29DB6E5B008EF134 /* CaloricoUITests.swift */; };
		DBAA039D29DB6E5B008EF134 /* CaloricoUITestsLaunchTests.swift in Sources */ = {isa = PBXBuildFile; fileRef = DBAA039C29DB6E5B008EF134 /* CaloricoUITestsLaunchTests.swift */; };
		DBAA03AA29DB6EA4008EF134 /* Constants.swift in Sources */ = {isa = PBXBuildFile; fileRef = DBAA03A929DB6EA4008EF134 /* Constants.swift */; };
		DBAA03B029DB8640008EF134 /* CircleButton.swift in Sources */ = {isa = PBXBuildFile; fileRef = DBAA03AF29DB8640008EF134 /* CircleButton.swift */; };
		DBAA03B329DC0665008EF134 /* MainLabel.swift in Sources */ = {isa = PBXBuildFile; fileRef = DBAA03B229DC0665008EF134 /* MainLabel.swift */; };
		DBCD2DCE29E207F700513FEC /* CalorieView.swift in Sources */ = {isa = PBXBuildFile; fileRef = DBCD2DCD29E207F700513FEC /* CalorieView.swift */; };
		DBCD2DD029E5150A00513FEC /* AddFood.swift in Sources */ = {isa = PBXBuildFile; fileRef = DBCD2DCF29E5150A00513FEC /* AddFood.swift */; };
		DBCD2E1C29E646D100513FEC /* UserModel.swift in Sources */ = {isa = PBXBuildFile; fileRef = DBCD2E1B29E646D100513FEC /* UserModel.swift */; };
		DBCD2E1F29E670B500513FEC /* CoreDataStack.swift in Sources */ = {isa = PBXBuildFile; fileRef = DBCD2E1E29E670B500513FEC /* CoreDataStack.swift */; };
		DBDF01C429DC0B0C00DD4C21 /* Poppins-Bold.ttf in Resources */ = {isa = PBXBuildFile; fileRef = DBDF01C329DC0B0C00DD4C21 /* Poppins-Bold.ttf */; };
		DBDF01D829DC0B2700DD4C21 /* Poppins-Regular.ttf in Resources */ = {isa = PBXBuildFile; fileRef = DBDF01C629DC0B2600DD4C21 /* Poppins-Regular.ttf */; };
		DBDF01D929DC0B2700DD4C21 /* Poppins-ExtraBold.ttf in Resources */ = {isa = PBXBuildFile; fileRef = DBDF01C729DC0B2600DD4C21 /* Poppins-ExtraBold.ttf */; };
		DBDF01DB29DC0B2700DD4C21 /* Poppins-SemiBoldItalic.ttf in Resources */ = {isa = PBXBuildFile; fileRef = DBDF01C929DC0B2600DD4C21 /* Poppins-SemiBoldItalic.ttf */; };
		DBDF01DC29DC0B2700DD4C21 /* Poppins-MediumItalic.ttf in Resources */ = {isa = PBXBuildFile; fileRef = DBDF01CA29DC0B2600DD4C21 /* Poppins-MediumItalic.ttf */; };
		DBDF01DD29DC0B2700DD4C21 /* Poppins-Black.ttf in Resources */ = {isa = PBXBuildFile; fileRef = DBDF01CB29DC0B2600DD4C21 /* Poppins-Black.ttf */; };
		DBDF01DE29DC0B2700DD4C21 /* Poppins-LightItalic.ttf in Resources */ = {isa = PBXBuildFile; fileRef = DBDF01CC29DC0B2600DD4C21 /* Poppins-LightItalic.ttf */; };
		DBDF01DF29DC0B2700DD4C21 /* Poppins-SemiBold.ttf in Resources */ = {isa = PBXBuildFile; fileRef = DBDF01CD29DC0B2600DD4C21 /* Poppins-SemiBold.ttf */; };
		DBDF01E029DC0B2700DD4C21 /* Poppins-ThinItalic.ttf in Resources */ = {isa = PBXBuildFile; fileRef = DBDF01CE29DC0B2600DD4C21 /* Poppins-ThinItalic.ttf */; };
		DBDF01E129DC0B2700DD4C21 /* Poppins-Italic.ttf in Resources */ = {isa = PBXBuildFile; fileRef = DBDF01CF29DC0B2600DD4C21 /* Poppins-Italic.ttf */; };
		DBDF01E229DC0B2700DD4C21 /* Poppins-Medium.ttf in Resources */ = {isa = PBXBuildFile; fileRef = DBDF01D029DC0B2600DD4C21 /* Poppins-Medium.ttf */; };
		DBDF01E329DC0B2700DD4C21 /* Poppins-BoldItalic.ttf in Resources */ = {isa = PBXBuildFile; fileRef = DBDF01D129DC0B2600DD4C21 /* Poppins-BoldItalic.ttf */; };
		DBDF01E429DC0B2700DD4C21 /* Poppins-BlackItalic.ttf in Resources */ = {isa = PBXBuildFile; fileRef = DBDF01D229DC0B2600DD4C21 /* Poppins-BlackItalic.ttf */; };
		DBDF01E529DC0B2700DD4C21 /* Poppins-ExtraLight.ttf in Resources */ = {isa = PBXBuildFile; fileRef = DBDF01D329DC0B2600DD4C21 /* Poppins-ExtraLight.ttf */; };
		DBDF01E629DC0B2700DD4C21 /* Poppins-ExtraLightItalic.ttf in Resources */ = {isa = PBXBuildFile; fileRef = DBDF01D429DC0B2700DD4C21 /* Poppins-ExtraLightItalic.ttf */; };
		DBDF01E729DC0B2700DD4C21 /* Poppins-Thin.ttf in Resources */ = {isa = PBXBuildFile; fileRef = DBDF01D529DC0B2700DD4C21 /* Poppins-Thin.ttf */; };
		DBDF01E829DC0B2700DD4C21 /* Poppins-ExtraBoldItalic.ttf in Resources */ = {isa = PBXBuildFile; fileRef = DBDF01D629DC0B2700DD4C21 /* Poppins-ExtraBoldItalic.ttf */; };
		DBDF01E929DC0B2700DD4C21 /* Poppins-Light.ttf in Resources */ = {isa = PBXBuildFile; fileRef = DBDF01D729DC0B2700DD4C21 /* Poppins-Light.ttf */; };
		DBFF6E912A342BD8006EA328 /* Launch Screen.storyboard in Resources */ = {isa = PBXBuildFile; fileRef = DBFF6E902A342BD8006EA328 /* Launch Screen.storyboard */; };
		DE9035BC58CA81E330D38D0A /* Pods_Calorico.framework in Frameworks */ = {isa = PBXBuildFile; fileRef = E6F34A79438FCDB986F7A99F /* Pods_Calorico.framework */; };
/* End PBXBuildFile section */

/* Begin PBXContainerItemProxy section */
		DBAA038D29DB6E5B008EF134 /* PBXContainerItemProxy */ = {
			isa = PBXContainerItemProxy;
			containerPortal = DBAA036B29DB6E5A008EF134 /* Project object */;
			proxyType = 1;
			remoteGlobalIDString = DBAA037229DB6E5A008EF134;
			remoteInfo = Calorico;
		};
		DBAA039729DB6E5B008EF134 /* PBXContainerItemProxy */ = {
			isa = PBXContainerItemProxy;
			containerPortal = DBAA036B29DB6E5A008EF134 /* Project object */;
			proxyType = 1;
			remoteGlobalIDString = DBAA037229DB6E5A008EF134;
			remoteInfo = Calorico;
		};
/* End PBXContainerItemProxy section */

/* Begin PBXFileReference section */
		0144CE81DC4ADDFEE0E13C7F /* Pods-CaloricoTests.debug.xcconfig */ = {isa = PBXFileReference; includeInIndex = 1; lastKnownFileType = text.xcconfig; name = "Pods-CaloricoTests.debug.xcconfig"; path = "Target Support Files/Pods-CaloricoTests/Pods-CaloricoTests.debug.xcconfig"; sourceTree = "<group>"; };
		055EBB78C6BEF41C0C5F42CF /* Pods-Calorico.release.xcconfig */ = {isa = PBXFileReference; includeInIndex = 1; lastKnownFileType = text.xcconfig; name = "Pods-Calorico.release.xcconfig"; path = "Target Support Files/Pods-Calorico/Pods-Calorico.release.xcconfig"; sourceTree = "<group>"; };
		20D1F7625F96B02647577D3D /* Pods-CaloricoTests.release.xcconfig */ = {isa = PBXFileReference; includeInIndex = 1; lastKnownFileType = text.xcconfig; name = "Pods-CaloricoTests.release.xcconfig"; path = "Target Support Files/Pods-CaloricoTests/Pods-CaloricoTests.release.xcconfig"; sourceTree = "<group>"; };
		2B322F23347456F53872D3F3 /* Pods-Calorico-CaloricoUITests.release.xcconfig */ = {isa = PBXFileReference; includeInIndex = 1; lastKnownFileType = text.xcconfig; name = "Pods-Calorico-CaloricoUITests.release.xcconfig"; path = "Target Support Files/Pods-Calorico-CaloricoUITests/Pods-Calorico-CaloricoUITests.release.xcconfig"; sourceTree = "<group>"; };
		6D6DE88E34DE5978452DE440 /* Pods-Calorico-CaloricoUITests.debug.xcconfig */ = {isa = PBXFileReference; includeInIndex = 1; lastKnownFileType = text.xcconfig; name = "Pods-Calorico-CaloricoUITests.debug.xcconfig"; path = "Target Support Files/Pods-Calorico-CaloricoUITests/Pods-Calorico-CaloricoUITests.debug.xcconfig"; sourceTree = "<group>"; };
		91D35D32D78EB760507FD575 /* Pods_Calorico_CaloricoUITests.framework */ = {isa = PBXFileReference; explicitFileType = wrapper.framework; includeInIndex = 0; path = Pods_Calorico_CaloricoUITests.framework; sourceTree = BUILT_PRODUCTS_DIR; };
		971D973DD0C478E04159B5C5 /* Pods-Calorico.debug.xcconfig */ = {isa = PBXFileReference; includeInIndex = 1; lastKnownFileType = text.xcconfig; name = "Pods-Calorico.debug.xcconfig"; path = "Target Support Files/Pods-Calorico/Pods-Calorico.debug.xcconfig"; sourceTree = "<group>"; };
		BBF7F752E152E10B83732939 /* Pods_CaloricoTests.framework */ = {isa = PBXFileReference; explicitFileType = wrapper.framework; includeInIndex = 0; path = Pods_CaloricoTests.framework; sourceTree = BUILT_PRODUCTS_DIR; };
		DB2AE91429DCA24400741673 /* FoodItem.swift */ = {isa = PBXFileReference; lastKnownFileType = sourcecode.swift; path = FoodItem.swift; sourceTree = "<group>"; };
		DB2AE91629DCA37B00741673 /* NetworkManager.swift */ = {isa = PBXFileReference; lastKnownFileType = sourcecode.swift; path = NetworkManager.swift; sourceTree = "<group>"; };
		DB2AE91829DCFF6400741673 /* MacroView.swift */ = {isa = PBXFileReference; lastKnownFileType = sourcecode.swift; path = MacroView.swift; sourceTree = "<group>"; };
		DB3712662AC637300080E5F9 /* SearchResults.swift */ = {isa = PBXFileReference; lastKnownFileType = sourcecode.swift; path = SearchResults.swift; sourceTree = "<group>"; };
		DB3712682AC8C7E30080E5F9 /* SearchResultsCell.swift */ = {isa = PBXFileReference; lastKnownFileType = sourcecode.swift; path = SearchResultsCell.swift; sourceTree = "<group>"; };
		DB3712692AC8C7E30080E5F9 /* SearchResultsCell.xib */ = {isa = PBXFileReference; lastKnownFileType = file.xib; path = SearchResultsCell.xib; sourceTree = "<group>"; };
		DB3CB45E2AB02EA400EBED4E /* Barcode.swift */ = {isa = PBXFileReference; lastKnownFileType = sourcecode.swift; path = Barcode.swift; sourceTree = "<group>"; };
		DB3F246F2ADB076800BFAE45 /* textFieldExt.swift */ = {isa = PBXFileReference; lastKnownFileType = sourcecode.swift; path = textFieldExt.swift; sourceTree = "<group>"; };
		DB4128A02AAD348F00024EED /* FatSecret.swift */ = {isa = PBXFileReference; lastKnownFileType = sourcecode.swift; path = FatSecret.swift; sourceTree = "<group>"; };
		DB4128A42AAD391A00024EED /* Food.swift */ = {isa = PBXFileReference; fileEncoding = 4; lastKnownFileType = sourcecode.swift; path = Food.swift; sourceTree = "<group>"; };
		DB4128A52AAD391A00024EED /* SearchedFood.swift */ = {isa = PBXFileReference; fileEncoding = 4; lastKnownFileType = sourcecode.swift; path = SearchedFood.swift; sourceTree = "<group>"; };
		DB4128A62AAD391A00024EED /* Serving.swift */ = {isa = PBXFileReference; fileEncoding = 4; lastKnownFileType = sourcecode.swift; path = Serving.swift; sourceTree = "<group>"; };
		DB4128A72AAD391A00024EED /* Search.swift */ = {isa = PBXFileReference; fileEncoding = 4; lastKnownFileType = sourcecode.swift; path = Search.swift; sourceTree = "<group>"; };
		DB4128A82AAD391A00024EED /* FatSecretError.swift */ = {isa = PBXFileReference; fileEncoding = 4; lastKnownFileType = sourcecode.swift; path = FatSecretError.swift; sourceTree = "<group>"; };
		DB4128AE2AAD393400024EED /* FatSecretParams.swift */ = {isa = PBXFileReference; fileEncoding = 4; lastKnownFileType = sourcecode.swift; path = FatSecretParams.swift; sourceTree = "<group>"; };
		DB4128AF2AAD393400024EED /* FatSecretCredentials.swift */ = {isa = PBXFileReference; fileEncoding = 4; lastKnownFileType = sourcecode.swift; path = FatSecretCredentials.swift; sourceTree = "<group>"; };
		DB4128F22AAD3E1B00024EED /* URLComponents+Utils.swift */ = {isa = PBXFileReference; lastKnownFileType = sourcecode.swift; path = "URLComponents+Utils.swift"; sourceTree = "<group>"; };
		DB4128F32AAD3E1B00024EED /* Array+Utils.swift */ = {isa = PBXFileReference; lastKnownFileType = sourcecode.swift; path = "Array+Utils.swift"; sourceTree = "<group>"; };
		DB4128F42AAD3E1B00024EED /* String+Utils.swift */ = {isa = PBXFileReference; lastKnownFileType = sourcecode.swift; path = "String+Utils.swift"; sourceTree = "<group>"; };
		DB4128F52AAD3E1B00024EED /* CharacterSet+Utils.swift */ = {isa = PBXFileReference; lastKnownFileType = sourcecode.swift; path = "CharacterSet+Utils.swift"; sourceTree = "<group>"; };
		DB58EBF62A37A03E00237AC7 /* NutritionCounter.swift */ = {isa = PBXFileReference; lastKnownFileType = sourcecode.swift; path = NutritionCounter.swift; sourceTree = "<group>"; };
		DB7945D02AB2308F0064A5FA /* SearchViewController.swift */ = {isa = PBXFileReference; lastKnownFileType = sourcecode.swift; path = SearchViewController.swift; sourceTree = "<group>"; };
		DB7945D62AB247C00064A5FA /* Autocomplete.swift */ = {isa = PBXFileReference; lastKnownFileType = sourcecode.swift; path = Autocomplete.swift; sourceTree = "<group>"; };
		DBAA037329DB6E5A008EF134 /* Calorico.app */ = {isa = PBXFileReference; explicitFileType = wrapper.application; includeInIndex = 0; path = Calorico.app; sourceTree = BUILT_PRODUCTS_DIR; };
		DBAA037629DB6E5A008EF134 /* AppDelegate.swift */ = {isa = PBXFileReference; lastKnownFileType = sourcecode.swift; path = AppDelegate.swift; sourceTree = "<group>"; };
		DBAA037829DB6E5A008EF134 /* SceneDelegate.swift */ = {isa = PBXFileReference; lastKnownFileType = sourcecode.swift; path = SceneDelegate.swift; sourceTree = "<group>"; };
		DBAA037A29DB6E5A008EF134 /* HomeScreen.swift */ = {isa = PBXFileReference; lastKnownFileType = sourcecode.swift; path = HomeScreen.swift; sourceTree = "<group>"; };
		DBAA038029DB6E5A008EF134 /* Calorico.xcdatamodel */ = {isa = PBXFileReference; lastKnownFileType = wrapper.xcdatamodel; path = Calorico.xcdatamodel; sourceTree = "<group>"; };
		DBAA038229DB6E5B008EF134 /* Assets.xcassets */ = {isa = PBXFileReference; lastKnownFileType = folder.assetcatalog; path = Assets.xcassets; sourceTree = "<group>"; };
		DBAA038729DB6E5B008EF134 /* Info.plist */ = {isa = PBXFileReference; lastKnownFileType = text.plist.xml; path = Info.plist; sourceTree = "<group>"; };
		DBAA038C29DB6E5B008EF134 /* CaloricoTests.xctest */ = {isa = PBXFileReference; explicitFileType = wrapper.cfbundle; includeInIndex = 0; path = CaloricoTests.xctest; sourceTree = BUILT_PRODUCTS_DIR; };
		DBAA039029DB6E5B008EF134 /* CaloricoTests.swift */ = {isa = PBXFileReference; lastKnownFileType = sourcecode.swift; path = CaloricoTests.swift; sourceTree = "<group>"; };
		DBAA039629DB6E5B008EF134 /* CaloricoUITests.xctest */ = {isa = PBXFileReference; explicitFileType = wrapper.cfbundle; includeInIndex = 0; path = CaloricoUITests.xctest; sourceTree = BUILT_PRODUCTS_DIR; };
		DBAA039A29DB6E5B008EF134 /* CaloricoUITests.swift */ = {isa = PBXFileReference; lastKnownFileType = sourcecode.swift; path = CaloricoUITests.swift; sourceTree = "<group>"; };
		DBAA039C29DB6E5B008EF134 /* CaloricoUITestsLaunchTests.swift */ = {isa = PBXFileReference; lastKnownFileType = sourcecode.swift; path = CaloricoUITestsLaunchTests.swift; sourceTree = "<group>"; };
		DBAA03A929DB6EA4008EF134 /* Constants.swift */ = {isa = PBXFileReference; lastKnownFileType = sourcecode.swift; path = Constants.swift; sourceTree = "<group>"; };
		DBAA03AF29DB8640008EF134 /* CircleButton.swift */ = {isa = PBXFileReference; lastKnownFileType = sourcecode.swift; path = CircleButton.swift; sourceTree = "<group>"; };
		DBAA03B229DC0665008EF134 /* MainLabel.swift */ = {isa = PBXFileReference; lastKnownFileType = sourcecode.swift; path = MainLabel.swift; sourceTree = "<group>"; };
		DBCD2DCD29E207F700513FEC /* CalorieView.swift */ = {isa = PBXFileReference; lastKnownFileType = sourcecode.swift; path = CalorieView.swift; sourceTree = "<group>"; };
		DBCD2DCF29E5150A00513FEC /* AddFood.swift */ = {isa = PBXFileReference; lastKnownFileType = sourcecode.swift; path = AddFood.swift; sourceTree = "<group>"; };
		DBCD2E1B29E646D100513FEC /* UserModel.swift */ = {isa = PBXFileReference; lastKnownFileType = sourcecode.swift; path = UserModel.swift; sourceTree = "<group>"; };
		DBCD2E1E29E670B500513FEC /* CoreDataStack.swift */ = {isa = PBXFileReference; lastKnownFileType = sourcecode.swift; path = CoreDataStack.swift; sourceTree = "<group>"; };
		DBDF01C329DC0B0C00DD4C21 /* Poppins-Bold.ttf */ = {isa = PBXFileReference; lastKnownFileType = file; path = "Poppins-Bold.ttf"; sourceTree = "<group>"; };
		DBDF01C629DC0B2600DD4C21 /* Poppins-Regular.ttf */ = {isa = PBXFileReference; lastKnownFileType = file; path = "Poppins-Regular.ttf"; sourceTree = "<group>"; };
		DBDF01C729DC0B2600DD4C21 /* Poppins-ExtraBold.ttf */ = {isa = PBXFileReference; lastKnownFileType = file; path = "Poppins-ExtraBold.ttf"; sourceTree = "<group>"; };
		DBDF01C929DC0B2600DD4C21 /* Poppins-SemiBoldItalic.ttf */ = {isa = PBXFileReference; lastKnownFileType = file; path = "Poppins-SemiBoldItalic.ttf"; sourceTree = "<group>"; };
		DBDF01CA29DC0B2600DD4C21 /* Poppins-MediumItalic.ttf */ = {isa = PBXFileReference; lastKnownFileType = file; path = "Poppins-MediumItalic.ttf"; sourceTree = "<group>"; };
		DBDF01CB29DC0B2600DD4C21 /* Poppins-Black.ttf */ = {isa = PBXFileReference; lastKnownFileType = file; path = "Poppins-Black.ttf"; sourceTree = "<group>"; };
		DBDF01CC29DC0B2600DD4C21 /* Poppins-LightItalic.ttf */ = {isa = PBXFileReference; lastKnownFileType = file; path = "Poppins-LightItalic.ttf"; sourceTree = "<group>"; };
		DBDF01CD29DC0B2600DD4C21 /* Poppins-SemiBold.ttf */ = {isa = PBXFileReference; lastKnownFileType = file; path = "Poppins-SemiBold.ttf"; sourceTree = "<group>"; };
		DBDF01CE29DC0B2600DD4C21 /* Poppins-ThinItalic.ttf */ = {isa = PBXFileReference; lastKnownFileType = file; path = "Poppins-ThinItalic.ttf"; sourceTree = "<group>"; };
		DBDF01CF29DC0B2600DD4C21 /* Poppins-Italic.ttf */ = {isa = PBXFileReference; lastKnownFileType = file; path = "Poppins-Italic.ttf"; sourceTree = "<group>"; };
		DBDF01D029DC0B2600DD4C21 /* Poppins-Medium.ttf */ = {isa = PBXFileReference; lastKnownFileType = file; path = "Poppins-Medium.ttf"; sourceTree = "<group>"; };
		DBDF01D129DC0B2600DD4C21 /* Poppins-BoldItalic.ttf */ = {isa = PBXFileReference; lastKnownFileType = file; path = "Poppins-BoldItalic.ttf"; sourceTree = "<group>"; };
		DBDF01D229DC0B2600DD4C21 /* Poppins-BlackItalic.ttf */ = {isa = PBXFileReference; lastKnownFileType = file; path = "Poppins-BlackItalic.ttf"; sourceTree = "<group>"; };
		DBDF01D329DC0B2600DD4C21 /* Poppins-ExtraLight.ttf */ = {isa = PBXFileReference; lastKnownFileType = file; path = "Poppins-ExtraLight.ttf"; sourceTree = "<group>"; };
		DBDF01D429DC0B2700DD4C21 /* Poppins-ExtraLightItalic.ttf */ = {isa = PBXFileReference; lastKnownFileType = file; path = "Poppins-ExtraLightItalic.ttf"; sourceTree = "<group>"; };
		DBDF01D529DC0B2700DD4C21 /* Poppins-Thin.ttf */ = {isa = PBXFileReference; lastKnownFileType = file; path = "Poppins-Thin.ttf"; sourceTree = "<group>"; };
		DBDF01D629DC0B2700DD4C21 /* Poppins-ExtraBoldItalic.ttf */ = {isa = PBXFileReference; lastKnownFileType = file; path = "Poppins-ExtraBoldItalic.ttf"; sourceTree = "<group>"; };
		DBDF01D729DC0B2700DD4C21 /* Poppins-Light.ttf */ = {isa = PBXFileReference; lastKnownFileType = file; path = "Poppins-Light.ttf"; sourceTree = "<group>"; };
		DBFF6E902A342BD8006EA328 /* Launch Screen.storyboard */ = {isa = PBXFileReference; lastKnownFileType = file.storyboard; path = "Launch Screen.storyboard"; sourceTree = "<group>"; };
		E6F34A79438FCDB986F7A99F /* Pods_Calorico.framework */ = {isa = PBXFileReference; explicitFileType = wrapper.framework; includeInIndex = 0; path = Pods_Calorico.framework; sourceTree = BUILT_PRODUCTS_DIR; };
/* End PBXFileReference section */

/* Begin PBXFrameworksBuildPhase section */
		DBAA037029DB6E5A008EF134 /* Frameworks */ = {
			isa = PBXFrameworksBuildPhase;
			buildActionMask = 2147483647;
			files = (
				DE9035BC58CA81E330D38D0A /* Pods_Calorico.framework in Frameworks */,
				DB3CB45D2AAD400E00EBED4E /* CryptoSwift in Frameworks */,
			);
			runOnlyForDeploymentPostprocessing = 0;
		};
		DBAA038929DB6E5B008EF134 /* Frameworks */ = {
			isa = PBXFrameworksBuildPhase;
			buildActionMask = 2147483647;
			files = (
				C95D46405AB627D1668B0D72 /* Pods_CaloricoTests.framework in Frameworks */,
			);
			runOnlyForDeploymentPostprocessing = 0;
		};
		DBAA039329DB6E5B008EF134 /* Frameworks */ = {
			isa = PBXFrameworksBuildPhase;
			buildActionMask = 2147483647;
			files = (
				1626CDB414C5EF159A39F98C /* Pods_Calorico_CaloricoUITests.framework in Frameworks */,
			);
			runOnlyForDeploymentPostprocessing = 0;
		};
/* End PBXFrameworksBuildPhase section */

/* Begin PBXGroup section */
		D91A9C8993DFCB73549931B6 /* Pods */ = {
			isa = PBXGroup;
			children = (
				971D973DD0C478E04159B5C5 /* Pods-Calorico.debug.xcconfig */,
				055EBB78C6BEF41C0C5F42CF /* Pods-Calorico.release.xcconfig */,
				6D6DE88E34DE5978452DE440 /* Pods-Calorico-CaloricoUITests.debug.xcconfig */,
				2B322F23347456F53872D3F3 /* Pods-Calorico-CaloricoUITests.release.xcconfig */,
				0144CE81DC4ADDFEE0E13C7F /* Pods-CaloricoTests.debug.xcconfig */,
				20D1F7625F96B02647577D3D /* Pods-CaloricoTests.release.xcconfig */,
			);
			path = Pods;
			sourceTree = "<group>";
		};
		DB3F246E2ADB075A00BFAE45 /* Extensions */ = {
			isa = PBXGroup;
			children = (
				DB3F246F2ADB076800BFAE45 /* textFieldExt.swift */,
			);
			path = Extensions;
			sourceTree = "<group>";
		};
		DB4128B22AAD3A4200024EED /* FatSecret */ = {
			isa = PBXGroup;
			children = (
				DB4128F32AAD3E1B00024EED /* Array+Utils.swift */,
				DB4128F52AAD3E1B00024EED /* CharacterSet+Utils.swift */,
				DB4128F42AAD3E1B00024EED /* String+Utils.swift */,
				DB4128F22AAD3E1B00024EED /* URLComponents+Utils.swift */,
				DB4128AF2AAD393400024EED /* FatSecretCredentials.swift */,
				DB4128AE2AAD393400024EED /* FatSecretParams.swift */,
				DB4128A82AAD391A00024EED /* FatSecretError.swift */,
				DB4128A42AAD391A00024EED /* Food.swift */,
				DB4128A72AAD391A00024EED /* Search.swift */,
				DB7945D62AB247C00064A5FA /* Autocomplete.swift */,
				DB4128A52AAD391A00024EED /* SearchedFood.swift */,
				DB3712662AC637300080E5F9 /* SearchResults.swift */,
				DB3CB45E2AB02EA400EBED4E /* Barcode.swift */,
				DB4128A62AAD391A00024EED /* Serving.swift */,
				DB4128A02AAD348F00024EED /* FatSecret.swift */,
			);
			path = FatSecret;
			sourceTree = "<group>";
		};
		DBAA036A29DB6E5A008EF134 = {
			isa = PBXGroup;
			children = (
				DBAA037529DB6E5A008EF134 /* Calorico */,
				DBAA038F29DB6E5B008EF134 /* CaloricoTests */,
				DBAA039929DB6E5B008EF134 /* CaloricoUITests */,
				DBAA037429DB6E5A008EF134 /* Products */,
				D91A9C8993DFCB73549931B6 /* Pods */,
				F846EA2006AA3CAD0D5B21C3 /* Frameworks */,
			);
			sourceTree = "<group>";
		};
		DBAA037429DB6E5A008EF134 /* Products */ = {
			isa = PBXGroup;
			children = (
				DBAA037329DB6E5A008EF134 /* Calorico.app */,
				DBAA038C29DB6E5B008EF134 /* CaloricoTests.xctest */,
				DBAA039629DB6E5B008EF134 /* CaloricoUITests.xctest */,
			);
			name = Products;
			sourceTree = "<group>";
		};
		DBAA037529DB6E5A008EF134 /* Calorico */ = {
			isa = PBXGroup;
			children = (
				DBAA037629DB6E5A008EF134 /* AppDelegate.swift */,
				DBCD2E1D29E670A000513FEC /* CoreData */,
				DBAA037829DB6E5A008EF134 /* SceneDelegate.swift */,
				DBCD2DD129E5151200513FEC /* Model */,
				DBCD2DD229E5151900513FEC /* View */,
				DBCD2DD329E5151F00513FEC /* Controller */,
				DBAA038229DB6E5B008EF134 /* Assets.xcassets */,
				DBAA038729DB6E5B008EF134 /* Info.plist */,
				DBDF01C529DC0B1600DD4C21 /* Fonts */,
				DBFF6E902A342BD8006EA328 /* Launch Screen.storyboard */,
			);
			path = Calorico;
			sourceTree = "<group>";
		};
		DBAA038F29DB6E5B008EF134 /* CaloricoTests */ = {
			isa = PBXGroup;
			children = (
				DBAA039029DB6E5B008EF134 /* CaloricoTests.swift */,
			);
			path = CaloricoTests;
			sourceTree = "<group>";
		};
		DBAA039929DB6E5B008EF134 /* CaloricoUITests */ = {
			isa = PBXGroup;
			children = (
				DBAA039A29DB6E5B008EF134 /* CaloricoUITests.swift */,
				DBAA039C29DB6E5B008EF134 /* CaloricoUITestsLaunchTests.swift */,
			);
			path = CaloricoUITests;
			sourceTree = "<group>";
		};
		DBAA03B129DB8644008EF134 /* UIComponents */ = {
			isa = PBXGroup;
			children = (
				DBAA03AF29DB8640008EF134 /* CircleButton.swift */,
				DBAA03B229DC0665008EF134 /* MainLabel.swift */,
				DB2AE91829DCFF6400741673 /* MacroView.swift */,
				DB58EBF62A37A03E00237AC7 /* NutritionCounter.swift */,
				DBCD2DCD29E207F700513FEC /* CalorieView.swift */,
			);
			path = UIComponents;
			sourceTree = "<group>";
		};
		DBCD2DD129E5151200513FEC /* Model */ = {
			isa = PBXGroup;
			children = (
				DB3F246E2ADB075A00BFAE45 /* Extensions */,
				DB4128B22AAD3A4200024EED /* FatSecret */,
				DBAA03A929DB6EA4008EF134 /* Constants.swift */,
				DB2AE91629DCA37B00741673 /* NetworkManager.swift */,
				DB2AE91429DCA24400741673 /* FoodItem.swift */,
				DBCD2E1B29E646D100513FEC /* UserModel.swift */,
			);
			path = Model;
			sourceTree = "<group>";
		};
		DBCD2DD229E5151900513FEC /* View */ = {
			isa = PBXGroup;
			children = (
				DBAA03B129DB8644008EF134 /* UIComponents */,
				DBAA037A29DB6E5A008EF134 /* HomeScreen.swift */,
				DBCD2DCF29E5150A00513FEC /* AddFood.swift */,
				DB7945D02AB2308F0064A5FA /* SearchViewController.swift */,
				DB3712682AC8C7E30080E5F9 /* SearchResultsCell.swift */,
				DB3712692AC8C7E30080E5F9 /* SearchResultsCell.xib */,
			);
			path = View;
			sourceTree = "<group>";
		};
		DBCD2DD329E5151F00513FEC /* Controller */ = {
			isa = PBXGroup;
			children = (
			);
			path = Controller;
			sourceTree = "<group>";
		};
		DBCD2E1D29E670A000513FEC /* CoreData */ = {
			isa = PBXGroup;
			children = (
				DBAA037F29DB6E5A008EF134 /* Calorico.xcdatamodeld */,
				DBCD2E1E29E670B500513FEC /* CoreDataStack.swift */,
			);
			path = CoreData;
			sourceTree = "<group>";
		};
		DBDF01C529DC0B1600DD4C21 /* Fonts */ = {
			isa = PBXGroup;
			children = (
				DBDF01CB29DC0B2600DD4C21 /* Poppins-Black.ttf */,
				DBDF01D229DC0B2600DD4C21 /* Poppins-BlackItalic.ttf */,
				DBDF01D129DC0B2600DD4C21 /* Poppins-BoldItalic.ttf */,
				DBDF01C729DC0B2600DD4C21 /* Poppins-ExtraBold.ttf */,
				DBDF01D629DC0B2700DD4C21 /* Poppins-ExtraBoldItalic.ttf */,
				DBDF01D329DC0B2600DD4C21 /* Poppins-ExtraLight.ttf */,
				DBDF01D429DC0B2700DD4C21 /* Poppins-ExtraLightItalic.ttf */,
				DBDF01CF29DC0B2600DD4C21 /* Poppins-Italic.ttf */,
				DBDF01D729DC0B2700DD4C21 /* Poppins-Light.ttf */,
				DBDF01CC29DC0B2600DD4C21 /* Poppins-LightItalic.ttf */,
				DBDF01D029DC0B2600DD4C21 /* Poppins-Medium.ttf */,
				DBDF01CA29DC0B2600DD4C21 /* Poppins-MediumItalic.ttf */,
				DBDF01C629DC0B2600DD4C21 /* Poppins-Regular.ttf */,
				DBDF01CD29DC0B2600DD4C21 /* Poppins-SemiBold.ttf */,
				DBDF01C929DC0B2600DD4C21 /* Poppins-SemiBoldItalic.ttf */,
				DBDF01D529DC0B2700DD4C21 /* Poppins-Thin.ttf */,
				DBDF01CE29DC0B2600DD4C21 /* Poppins-ThinItalic.ttf */,
				DBDF01C329DC0B0C00DD4C21 /* Poppins-Bold.ttf */,
			);
			path = Fonts;
			sourceTree = "<group>";
		};
		F846EA2006AA3CAD0D5B21C3 /* Frameworks */ = {
			isa = PBXGroup;
			children = (
				E6F34A79438FCDB986F7A99F /* Pods_Calorico.framework */,
				91D35D32D78EB760507FD575 /* Pods_Calorico_CaloricoUITests.framework */,
				BBF7F752E152E10B83732939 /* Pods_CaloricoTests.framework */,
			);
			name = Frameworks;
			sourceTree = "<group>";
		};
/* End PBXGroup section */

/* Begin PBXNativeTarget section */
		DBAA037229DB6E5A008EF134 /* Calorico */ = {
			isa = PBXNativeTarget;
			buildConfigurationList = DBAA03A029DB6E5B008EF134 /* Build configuration list for PBXNativeTarget "Calorico" */;
			buildPhases = (
				2731DA820663EFD443F50C90 /* [CP] Check Pods Manifest.lock */,
				DBAA036F29DB6E5A008EF134 /* Sources */,
				DBAA037029DB6E5A008EF134 /* Frameworks */,
				DBAA037129DB6E5A008EF134 /* Resources */,
				904E90E4BCB70E981EFCA78C /* [CP] Embed Pods Frameworks */,
			);
			buildRules = (
			);
			dependencies = (
			);
			name = Calorico;
			packageProductDependencies = (
				DB3CB45C2AAD400E00EBED4E /* CryptoSwift */,
			);
			productName = Calorico;
			productReference = DBAA037329DB6E5A008EF134 /* Calorico.app */;
			productType = "com.apple.product-type.application";
		};
		DBAA038B29DB6E5B008EF134 /* CaloricoTests */ = {
			isa = PBXNativeTarget;
			buildConfigurationList = DBAA03A329DB6E5B008EF134 /* Build configuration list for PBXNativeTarget "CaloricoTests" */;
			buildPhases = (
				A4B9258AFB9DF27E01D0A06C /* [CP] Check Pods Manifest.lock */,
				DBAA038829DB6E5B008EF134 /* Sources */,
				DBAA038929DB6E5B008EF134 /* Frameworks */,
				DBAA038A29DB6E5B008EF134 /* Resources */,
			);
			buildRules = (
			);
			dependencies = (
				DBAA038E29DB6E5B008EF134 /* PBXTargetDependency */,
			);
			name = CaloricoTests;
			productName = CaloricoTests;
			productReference = DBAA038C29DB6E5B008EF134 /* CaloricoTests.xctest */;
			productType = "com.apple.product-type.bundle.unit-test";
		};
		DBAA039529DB6E5B008EF134 /* CaloricoUITests */ = {
			isa = PBXNativeTarget;
			buildConfigurationList = DBAA03A629DB6E5B008EF134 /* Build configuration list for PBXNativeTarget "CaloricoUITests" */;
			buildPhases = (
				15D84F7D33AF19FA5C2BF58C /* [CP] Check Pods Manifest.lock */,
				DBAA039229DB6E5B008EF134 /* Sources */,
				DBAA039329DB6E5B008EF134 /* Frameworks */,
				DBAA039429DB6E5B008EF134 /* Resources */,
				3A399C10E78B4BC15E3A86EA /* [CP] Embed Pods Frameworks */,
			);
			buildRules = (
			);
			dependencies = (
				DBAA039829DB6E5B008EF134 /* PBXTargetDependency */,
			);
			name = CaloricoUITests;
			productName = CaloricoUITests;
			productReference = DBAA039629DB6E5B008EF134 /* CaloricoUITests.xctest */;
			productType = "com.apple.product-type.bundle.ui-testing";
		};
/* End PBXNativeTarget section */

/* Begin PBXProject section */
		DBAA036B29DB6E5A008EF134 /* Project object */ = {
			isa = PBXProject;
			attributes = {
				BuildIndependentTargetsInParallel = 1;
				LastSwiftUpdateCheck = 1420;
				LastUpgradeCheck = 1420;
				TargetAttributes = {
					DBAA037229DB6E5A008EF134 = {
						CreatedOnToolsVersion = 14.2;
					};
					DBAA038B29DB6E5B008EF134 = {
						CreatedOnToolsVersion = 14.2;
						TestTargetID = DBAA037229DB6E5A008EF134;
					};
					DBAA039529DB6E5B008EF134 = {
						CreatedOnToolsVersion = 14.2;
						TestTargetID = DBAA037229DB6E5A008EF134;
					};
				};
			};
			buildConfigurationList = DBAA036E29DB6E5A008EF134 /* Build configuration list for PBXProject "Calorico" */;
			compatibilityVersion = "Xcode 13.0";
			developmentRegion = en;
			hasScannedForEncodings = 0;
			knownRegions = (
				en,
				Base,
			);
			mainGroup = DBAA036A29DB6E5A008EF134;
			packageReferences = (
				DB3CB45B2AAD400E00EBED4E /* XCRemoteSwiftPackageReference "CryptoSwift" */,
			);
			productRefGroup = DBAA037429DB6E5A008EF134 /* Products */;
			projectDirPath = "";
			projectRoot = "";
			targets = (
				DBAA037229DB6E5A008EF134 /* Calorico */,
				DBAA038B29DB6E5B008EF134 /* CaloricoTests */,
				DBAA039529DB6E5B008EF134 /* CaloricoUITests */,
			);
		};
/* End PBXProject section */

/* Begin PBXResourcesBuildPhase section */
		DBAA037129DB6E5A008EF134 /* Resources */ = {
			isa = PBXResourcesBuildPhase;
			buildActionMask = 2147483647;
			files = (
				DBDF01DB29DC0B2700DD4C21 /* Poppins-SemiBoldItalic.ttf in Resources */,
				DB37126B2AC8C7E30080E5F9 /* SearchResultsCell.xib in Resources */,
				DBDF01E629DC0B2700DD4C21 /* Poppins-ExtraLightItalic.ttf in Resources */,
				DBDF01E829DC0B2700DD4C21 /* Poppins-ExtraBoldItalic.ttf in Resources */,
				DBDF01E129DC0B2700DD4C21 /* Poppins-Italic.ttf in Resources */,
				DBDF01E429DC0B2700DD4C21 /* Poppins-BlackItalic.ttf in Resources */,
				DBDF01DD29DC0B2700DD4C21 /* Poppins-Black.ttf in Resources */,
				DBDF01E929DC0B2700DD4C21 /* Poppins-Light.ttf in Resources */,
				DBAA038329DB6E5B008EF134 /* Assets.xcassets in Resources */,
				DBDF01E729DC0B2700DD4C21 /* Poppins-Thin.ttf in Resources */,
				DBDF01C429DC0B0C00DD4C21 /* Poppins-Bold.ttf in Resources */,
				DBDF01D929DC0B2700DD4C21 /* Poppins-ExtraBold.ttf in Resources */,
				DBDF01E229DC0B2700DD4C21 /* Poppins-Medium.ttf in Resources */,
				DBDF01DC29DC0B2700DD4C21 /* Poppins-MediumItalic.ttf in Resources */,
				DBDF01E529DC0B2700DD4C21 /* Poppins-ExtraLight.ttf in Resources */,
				DBDF01DF29DC0B2700DD4C21 /* Poppins-SemiBold.ttf in Resources */,
				DBDF01E029DC0B2700DD4C21 /* Poppins-ThinItalic.ttf in Resources */,
				DBDF01D829DC0B2700DD4C21 /* Poppins-Regular.ttf in Resources */,
				DBDF01DE29DC0B2700DD4C21 /* Poppins-LightItalic.ttf in Resources */,
				DBFF6E912A342BD8006EA328 /* Launch Screen.storyboard in Resources */,
				DBDF01E329DC0B2700DD4C21 /* Poppins-BoldItalic.ttf in Resources */,
			);
			runOnlyForDeploymentPostprocessing = 0;
		};
		DBAA038A29DB6E5B008EF134 /* Resources */ = {
			isa = PBXResourcesBuildPhase;
			buildActionMask = 2147483647;
			files = (
			);
			runOnlyForDeploymentPostprocessing = 0;
		};
		DBAA039429DB6E5B008EF134 /* Resources */ = {
			isa = PBXResourcesBuildPhase;
			buildActionMask = 2147483647;
			files = (
			);
			runOnlyForDeploymentPostprocessing = 0;
		};
/* End PBXResourcesBuildPhase section */

/* Begin PBXShellScriptBuildPhase section */
		15D84F7D33AF19FA5C2BF58C /* [CP] Check Pods Manifest.lock */ = {
			isa = PBXShellScriptBuildPhase;
			buildActionMask = 2147483647;
			files = (
			);
			inputFileListPaths = (
			);
			inputPaths = (
				"${PODS_PODFILE_DIR_PATH}/Podfile.lock",
				"${PODS_ROOT}/Manifest.lock",
			);
			name = "[CP] Check Pods Manifest.lock";
			outputFileListPaths = (
			);
			outputPaths = (
				"$(DERIVED_FILE_DIR)/Pods-Calorico-CaloricoUITests-checkManifestLockResult.txt",
			);
			runOnlyForDeploymentPostprocessing = 0;
			shellPath = /bin/sh;
			shellScript = "diff \"${PODS_PODFILE_DIR_PATH}/Podfile.lock\" \"${PODS_ROOT}/Manifest.lock\" > /dev/null\nif [ $? != 0 ] ; then\n    # print error to STDERR\n    echo \"error: The sandbox is not in sync with the Podfile.lock. Run 'pod install' or update your CocoaPods installation.\" >&2\n    exit 1\nfi\n# This output is used by Xcode 'outputs' to avoid re-running this script phase.\necho \"SUCCESS\" > \"${SCRIPT_OUTPUT_FILE_0}\"\n";
			showEnvVarsInLog = 0;
		};
		2731DA820663EFD443F50C90 /* [CP] Check Pods Manifest.lock */ = {
			isa = PBXShellScriptBuildPhase;
			buildActionMask = 2147483647;
			files = (
			);
			inputFileListPaths = (
			);
			inputPaths = (
				"${PODS_PODFILE_DIR_PATH}/Podfile.lock",
				"${PODS_ROOT}/Manifest.lock",
			);
			name = "[CP] Check Pods Manifest.lock";
			outputFileListPaths = (
			);
			outputPaths = (
				"$(DERIVED_FILE_DIR)/Pods-Calorico-checkManifestLockResult.txt",
			);
			runOnlyForDeploymentPostprocessing = 0;
			shellPath = /bin/sh;
			shellScript = "diff \"${PODS_PODFILE_DIR_PATH}/Podfile.lock\" \"${PODS_ROOT}/Manifest.lock\" > /dev/null\nif [ $? != 0 ] ; then\n    # print error to STDERR\n    echo \"error: The sandbox is not in sync with the Podfile.lock. Run 'pod install' or update your CocoaPods installation.\" >&2\n    exit 1\nfi\n# This output is used by Xcode 'outputs' to avoid re-running this script phase.\necho \"SUCCESS\" > \"${SCRIPT_OUTPUT_FILE_0}\"\n";
			showEnvVarsInLog = 0;
		};
		3A399C10E78B4BC15E3A86EA /* [CP] Embed Pods Frameworks */ = {
			isa = PBXShellScriptBuildPhase;
			buildActionMask = 2147483647;
			files = (
			);
			inputFileListPaths = (
				"${PODS_ROOT}/Target Support Files/Pods-Calorico-CaloricoUITests/Pods-Calorico-CaloricoUITests-frameworks-${CONFIGURATION}-input-files.xcfilelist",
			);
			name = "[CP] Embed Pods Frameworks";
			outputFileListPaths = (
				"${PODS_ROOT}/Target Support Files/Pods-Calorico-CaloricoUITests/Pods-Calorico-CaloricoUITests-frameworks-${CONFIGURATION}-output-files.xcfilelist",
			);
			runOnlyForDeploymentPostprocessing = 0;
			shellPath = /bin/sh;
			shellScript = "\"${PODS_ROOT}/Target Support Files/Pods-Calorico-CaloricoUITests/Pods-Calorico-CaloricoUITests-frameworks.sh\"\n";
			showEnvVarsInLog = 0;
		};
		904E90E4BCB70E981EFCA78C /* [CP] Embed Pods Frameworks */ = {
			isa = PBXShellScriptBuildPhase;
			buildActionMask = 2147483647;
			files = (
			);
			inputFileListPaths = (
				"${PODS_ROOT}/Target Support Files/Pods-Calorico/Pods-Calorico-frameworks-${CONFIGURATION}-input-files.xcfilelist",
			);
			name = "[CP] Embed Pods Frameworks";
			outputFileListPaths = (
				"${PODS_ROOT}/Target Support Files/Pods-Calorico/Pods-Calorico-frameworks-${CONFIGURATION}-output-files.xcfilelist",
			);
			runOnlyForDeploymentPostprocessing = 0;
			shellPath = /bin/sh;
			shellScript = "\"${PODS_ROOT}/Target Support Files/Pods-Calorico/Pods-Calorico-frameworks.sh\"\n";
			showEnvVarsInLog = 0;
		};
		A4B9258AFB9DF27E01D0A06C /* [CP] Check Pods Manifest.lock */ = {
			isa = PBXShellScriptBuildPhase;
			buildActionMask = 2147483647;
			files = (
			);
			inputFileListPaths = (
			);
			inputPaths = (
				"${PODS_PODFILE_DIR_PATH}/Podfile.lock",
				"${PODS_ROOT}/Manifest.lock",
			);
			name = "[CP] Check Pods Manifest.lock";
			outputFileListPaths = (
			);
			outputPaths = (
				"$(DERIVED_FILE_DIR)/Pods-CaloricoTests-checkManifestLockResult.txt",
			);
			runOnlyForDeploymentPostprocessing = 0;
			shellPath = /bin/sh;
			shellScript = "diff \"${PODS_PODFILE_DIR_PATH}/Podfile.lock\" \"${PODS_ROOT}/Manifest.lock\" > /dev/null\nif [ $? != 0 ] ; then\n    # print error to STDERR\n    echo \"error: The sandbox is not in sync with the Podfile.lock. Run 'pod install' or update your CocoaPods installation.\" >&2\n    exit 1\nfi\n# This output is used by Xcode 'outputs' to avoid re-running this script phase.\necho \"SUCCESS\" > \"${SCRIPT_OUTPUT_FILE_0}\"\n";
			showEnvVarsInLog = 0;
		};
/* End PBXShellScriptBuildPhase section */

/* Begin PBXSourcesBuildPhase section */
		DBAA036F29DB6E5A008EF134 /* Sources */ = {
			isa = PBXSourcesBuildPhase;
			buildActionMask = 2147483647;
			files = (
				DBCD2E1F29E670B500513FEC /* CoreDataStack.swift in Sources */,
				DBAA03B029DB8640008EF134 /* CircleButton.swift in Sources */,
				DB4128A12AAD348F00024EED /* FatSecret.swift in Sources */,
				DB4128B02AAD393400024EED /* FatSecretParams.swift in Sources */,
				DB3CB45F2AB02EA400EBED4E /* Barcode.swift in Sources */,
				DBCD2DD029E5150A00513FEC /* AddFood.swift in Sources */,
				DB4128A92AAD391A00024EED /* Food.swift in Sources */,
				DB4128AC2AAD391A00024EED /* Search.swift in Sources */,
				DB4128AB2AAD391A00024EED /* Serving.swift in Sources */,
				DBCD2DCE29E207F700513FEC /* CalorieView.swift in Sources */,
				DB2AE91729DCA37B00741673 /* NetworkManager.swift in Sources */,
				DBAA03AA29DB6EA4008EF134 /* Constants.swift in Sources */,
				DB4128B12AAD393400024EED /* FatSecretCredentials.swift in Sources */,
				DBAA037B29DB6E5A008EF134 /* HomeScreen.swift in Sources */,
				DB3F24702ADB076800BFAE45 /* textFieldExt.swift in Sources */,
				DB4128F82AAD3E1B00024EED /* String+Utils.swift in Sources */,
				DB4128AD2AAD391A00024EED /* FatSecretError.swift in Sources */,
				DB4128F62AAD3E1B00024EED /* URLComponents+Utils.swift in Sources */,
				DB37126A2AC8C7E30080E5F9 /* SearchResultsCell.swift in Sources */,
				DB2AE91529DCA24400741673 /* FoodItem.swift in Sources */,
				DB4128AA2AAD391A00024EED /* SearchedFood.swift in Sources */,
				DB7945D72AB247C00064A5FA /* Autocomplete.swift in Sources */,
				DB4128F92AAD3E1B00024EED /* Array+Utils.swift in Sources */,
				DBCD2E1C29E646D100513FEC /* UserModel.swift in Sources */,
				DB2AE91929DCFF6400741673 /* MacroView.swift in Sources */,
				DBAA038129DB6E5A008EF134 /* Calorico.xcdatamodeld in Sources */,
				DBAA037729DB6E5A008EF134 /* AppDelegate.swift in Sources */,
				DB58EBF72A37A03E00237AC7 /* NutritionCounter.swift in Sources */,
				DBAA037929DB6E5A008EF134 /* SceneDelegate.swift in Sources */,
				DB4128F72AAD3E1B00024EED /* CharacterSet+Utils.swift in Sources */,
				DB3712672AC637300080E5F9 /* SearchResults.swift in Sources */,
				DBAA03B329DC0665008EF134 /* MainLabel.swift in Sources */,
				DB7945D22AB2308F0064A5FA /* SearchViewController.swift in Sources */,
			);
			runOnlyForDeploymentPostprocessing = 0;
		};
		DBAA038829DB6E5B008EF134 /* Sources */ = {
			isa = PBXSourcesBuildPhase;
			buildActionMask = 2147483647;
			files = (
				DBAA039129DB6E5B008EF134 /* CaloricoTests.swift in Sources */,
			);
			runOnlyForDeploymentPostprocessing = 0;
		};
		DBAA039229DB6E5B008EF134 /* Sources */ = {
			isa = PBXSourcesBuildPhase;
			buildActionMask = 2147483647;
			files = (
				DBAA039D29DB6E5B008EF134 /* CaloricoUITestsLaunchTests.swift in Sources */,
				DBAA039B29DB6E5B008EF134 /* CaloricoUITests.swift in Sources */,
			);
			runOnlyForDeploymentPostprocessing = 0;
		};
/* End PBXSourcesBuildPhase section */

/* Begin PBXTargetDependency section */
		DBAA038E29DB6E5B008EF134 /* PBXTargetDependency */ = {
			isa = PBXTargetDependency;
			target = DBAA037229DB6E5A008EF134 /* Calorico */;
			targetProxy = DBAA038D29DB6E5B008EF134 /* PBXContainerItemProxy */;
		};
		DBAA039829DB6E5B008EF134 /* PBXTargetDependency */ = {
			isa = PBXTargetDependency;
			target = DBAA037229DB6E5A008EF134 /* Calorico */;
			targetProxy = DBAA039729DB6E5B008EF134 /* PBXContainerItemProxy */;
		};
/* End PBXTargetDependency section */

/* Begin XCBuildConfiguration section */
		DBAA039E29DB6E5B008EF134 /* Debug */ = {
			isa = XCBuildConfiguration;
			buildSettings = {
				ALWAYS_SEARCH_USER_PATHS = NO;
				CLANG_ANALYZER_NONNULL = YES;
				CLANG_ANALYZER_NUMBER_OBJECT_CONVERSION = YES_AGGRESSIVE;
				CLANG_CXX_LANGUAGE_STANDARD = "gnu++20";
				CLANG_ENABLE_MODULES = YES;
				CLANG_ENABLE_OBJC_ARC = YES;
				CLANG_ENABLE_OBJC_WEAK = YES;
				CLANG_WARN_BLOCK_CAPTURE_AUTORELEASING = YES;
				CLANG_WARN_BOOL_CONVERSION = YES;
				CLANG_WARN_COMMA = YES;
				CLANG_WARN_CONSTANT_CONVERSION = YES;
				CLANG_WARN_DEPRECATED_OBJC_IMPLEMENTATIONS = YES;
				CLANG_WARN_DIRECT_OBJC_ISA_USAGE = YES_ERROR;
				CLANG_WARN_DOCUMENTATION_COMMENTS = YES;
				CLANG_WARN_EMPTY_BODY = YES;
				CLANG_WARN_ENUM_CONVERSION = YES;
				CLANG_WARN_INFINITE_RECURSION = YES;
				CLANG_WARN_INT_CONVERSION = YES;
				CLANG_WARN_NON_LITERAL_NULL_CONVERSION = YES;
				CLANG_WARN_OBJC_IMPLICIT_RETAIN_SELF = YES;
				CLANG_WARN_OBJC_LITERAL_CONVERSION = YES;
				CLANG_WARN_OBJC_ROOT_CLASS = YES_ERROR;
				CLANG_WARN_QUOTED_INCLUDE_IN_FRAMEWORK_HEADER = YES;
				CLANG_WARN_RANGE_LOOP_ANALYSIS = YES;
				CLANG_WARN_STRICT_PROTOTYPES = YES;
				CLANG_WARN_SUSPICIOUS_MOVE = YES;
				CLANG_WARN_UNGUARDED_AVAILABILITY = YES_AGGRESSIVE;
				CLANG_WARN_UNREACHABLE_CODE = YES;
				CLANG_WARN__DUPLICATE_METHOD_MATCH = YES;
				COPY_PHASE_STRIP = NO;
				DEBUG_INFORMATION_FORMAT = dwarf;
				ENABLE_STRICT_OBJC_MSGSEND = YES;
				ENABLE_TESTABILITY = YES;
				GCC_C_LANGUAGE_STANDARD = gnu11;
				GCC_DYNAMIC_NO_PIC = NO;
				GCC_NO_COMMON_BLOCKS = YES;
				GCC_OPTIMIZATION_LEVEL = 0;
				GCC_PREPROCESSOR_DEFINITIONS = (
					"DEBUG=1",
					"$(inherited)",
				);
				GCC_WARN_64_TO_32_BIT_CONVERSION = YES;
				GCC_WARN_ABOUT_RETURN_TYPE = YES_ERROR;
				GCC_WARN_UNDECLARED_SELECTOR = YES;
				GCC_WARN_UNINITIALIZED_AUTOS = YES_AGGRESSIVE;
				GCC_WARN_UNUSED_FUNCTION = YES;
				GCC_WARN_UNUSED_VARIABLE = YES;
				INFOPLIST_KEY_UIUserInterfaceStyle = Light;
				IPHONEOS_DEPLOYMENT_TARGET = 15.0;
				MTL_ENABLE_DEBUG_INFO = INCLUDE_SOURCE;
				MTL_FAST_MATH = YES;
				ONLY_ACTIVE_ARCH = YES;
				SDKROOT = iphoneos;
				SWIFT_ACTIVE_COMPILATION_CONDITIONS = DEBUG;
				SWIFT_OPTIMIZATION_LEVEL = "-Onone";
			};
			name = Debug;
		};
		DBAA039F29DB6E5B008EF134 /* Release */ = {
			isa = XCBuildConfiguration;
			buildSettings = {
				ALWAYS_SEARCH_USER_PATHS = NO;
				CLANG_ANALYZER_NONNULL = YES;
				CLANG_ANALYZER_NUMBER_OBJECT_CONVERSION = YES_AGGRESSIVE;
				CLANG_CXX_LANGUAGE_STANDARD = "gnu++20";
				CLANG_ENABLE_MODULES = YES;
				CLANG_ENABLE_OBJC_ARC = YES;
				CLANG_ENABLE_OBJC_WEAK = YES;
				CLANG_WARN_BLOCK_CAPTURE_AUTORELEASING = YES;
				CLANG_WARN_BOOL_CONVERSION = YES;
				CLANG_WARN_COMMA = YES;
				CLANG_WARN_CONSTANT_CONVERSION = YES;
				CLANG_WARN_DEPRECATED_OBJC_IMPLEMENTATIONS = YES;
				CLANG_WARN_DIRECT_OBJC_ISA_USAGE = YES_ERROR;
				CLANG_WARN_DOCUMENTATION_COMMENTS = YES;
				CLANG_WARN_EMPTY_BODY = YES;
				CLANG_WARN_ENUM_CONVERSION = YES;
				CLANG_WARN_INFINITE_RECURSION = YES;
				CLANG_WARN_INT_CONVERSION = YES;
				CLANG_WARN_NON_LITERAL_NULL_CONVERSION = YES;
				CLANG_WARN_OBJC_IMPLICIT_RETAIN_SELF = YES;
				CLANG_WARN_OBJC_LITERAL_CONVERSION = YES;
				CLANG_WARN_OBJC_ROOT_CLASS = YES_ERROR;
				CLANG_WARN_QUOTED_INCLUDE_IN_FRAMEWORK_HEADER = YES;
				CLANG_WARN_RANGE_LOOP_ANALYSIS = YES;
				CLANG_WARN_STRICT_PROTOTYPES = YES;
				CLANG_WARN_SUSPICIOUS_MOVE = YES;
				CLANG_WARN_UNGUARDED_AVAILABILITY = YES_AGGRESSIVE;
				CLANG_WARN_UNREACHABLE_CODE = YES;
				CLANG_WARN__DUPLICATE_METHOD_MATCH = YES;
				COPY_PHASE_STRIP = NO;
				DEBUG_INFORMATION_FORMAT = "dwarf-with-dsym";
				ENABLE_NS_ASSERTIONS = NO;
				ENABLE_STRICT_OBJC_MSGSEND = YES;
				GCC_C_LANGUAGE_STANDARD = gnu11;
				GCC_NO_COMMON_BLOCKS = YES;
				GCC_WARN_64_TO_32_BIT_CONVERSION = YES;
				GCC_WARN_ABOUT_RETURN_TYPE = YES_ERROR;
				GCC_WARN_UNDECLARED_SELECTOR = YES;
				GCC_WARN_UNINITIALIZED_AUTOS = YES_AGGRESSIVE;
				GCC_WARN_UNUSED_FUNCTION = YES;
				GCC_WARN_UNUSED_VARIABLE = YES;
				IPHONEOS_DEPLOYMENT_TARGET = 15.0;
				MTL_ENABLE_DEBUG_INFO = NO;
				MTL_FAST_MATH = YES;
				SDKROOT = iphoneos;
				SWIFT_COMPILATION_MODE = wholemodule;
				SWIFT_OPTIMIZATION_LEVEL = "-O";
				VALIDATE_PRODUCT = YES;
			};
			name = Release;
		};
		DBAA03A129DB6E5B008EF134 /* Debug */ = {
			isa = XCBuildConfiguration;
			baseConfigurationReference = 971D973DD0C478E04159B5C5 /* Pods-Calorico.debug.xcconfig */;
			buildSettings = {
				ASSETCATALOG_COMPILER_APPICON_NAME = AppIcon;
				ASSETCATALOG_COMPILER_GLOBAL_ACCENT_COLOR_NAME = AccentColor;
				CODE_SIGN_STYLE = Automatic;
				CURRENT_PROJECT_VERSION = 1;
				DEVELOPMENT_TEAM = KN446JPPP4;
				GENERATE_INFOPLIST_FILE = YES;
				INFOPLIST_FILE = Calorico/Info.plist;
				INFOPLIST_KEY_LSApplicationCategoryType = "public.app-category.healthcare-fitness";
				INFOPLIST_KEY_NSCameraUsageDescription = "Camera is used to scan barcodes in order to retrieve nutritional information.";
				INFOPLIST_KEY_UIApplicationSupportsIndirectInputEvents = YES;
				INFOPLIST_KEY_UILaunchStoryboardName = LaunchScreen;
				INFOPLIST_KEY_UISupportedInterfaceOrientations_iPad = "UIInterfaceOrientationPortrait UIInterfaceOrientationPortraitUpsideDown UIInterfaceOrientationLandscapeLeft UIInterfaceOrientationLandscapeRight";
				INFOPLIST_KEY_UISupportedInterfaceOrientations_iPhone = "UIInterfaceOrientationPortrait UIInterfaceOrientationLandscapeLeft UIInterfaceOrientationLandscapeRight";
				LD_RUNPATH_SEARCH_PATHS = (
					"$(inherited)",
					"@executable_path/Frameworks",
				);
				MARKETING_VERSION = 1.0;
				PRODUCT_BUNDLE_IDENTIFIER = DaneJApps.Calorico;
				PRODUCT_NAME = "$(TARGET_NAME)";
				SWIFT_EMIT_LOC_STRINGS = YES;
				SWIFT_VERSION = 5.0;
				TARGETED_DEVICE_FAMILY = "1,2";
			};
			name = Debug;
		};
		DBAA03A229DB6E5B008EF134 /* Release */ = {
			isa = XCBuildConfiguration;
			baseConfigurationReference = 055EBB78C6BEF41C0C5F42CF /* Pods-Calorico.release.xcconfig */;
			buildSettings = {
				ASSETCATALOG_COMPILER_APPICON_NAME = AppIcon;
				ASSETCATALOG_COMPILER_GLOBAL_ACCENT_COLOR_NAME = AccentColor;
				CODE_SIGN_STYLE = Automatic;
				CURRENT_PROJECT_VERSION = 1;
				DEVELOPMENT_TEAM = KN446JPPP4;
				GENERATE_INFOPLIST_FILE = YES;
				INFOPLIST_FILE = Calorico/Info.plist;
				INFOPLIST_KEY_LSApplicationCategoryType = "public.app-category.healthcare-fitness";
				INFOPLIST_KEY_NSCameraUsageDescription = "Camera is used to scan barcodes in order to retrieve nutritional information.";
				INFOPLIST_KEY_UIApplicationSupportsIndirectInputEvents = YES;
				INFOPLIST_KEY_UILaunchStoryboardName = LaunchScreen;
				INFOPLIST_KEY_UISupportedInterfaceOrientations_iPad = "UIInterfaceOrientationPortrait UIInterfaceOrientationPortraitUpsideDown UIInterfaceOrientationLandscapeLeft UIInterfaceOrientationLandscapeRight";
				INFOPLIST_KEY_UISupportedInterfaceOrientations_iPhone = "UIInterfaceOrientationPortrait UIInterfaceOrientationLandscapeLeft UIInterfaceOrientationLandscapeRight";
				LD_RUNPATH_SEARCH_PATHS = (
					"$(inherited)",
					"@executable_path/Frameworks",
				);
				MARKETING_VERSION = 1.0;
				PRODUCT_BUNDLE_IDENTIFIER = DaneJApps.Calorico;
				PRODUCT_NAME = "$(TARGET_NAME)";
				SWIFT_EMIT_LOC_STRINGS = YES;
				SWIFT_VERSION = 5.0;
				TARGETED_DEVICE_FAMILY = "1,2";
			};
			name = Release;
		};
		DBAA03A429DB6E5B008EF134 /* Debug */ = {
			isa = XCBuildConfiguration;
			baseConfigurationReference = 0144CE81DC4ADDFEE0E13C7F /* Pods-CaloricoTests.debug.xcconfig */;
			buildSettings = {
				ALWAYS_EMBED_SWIFT_STANDARD_LIBRARIES = YES;
				BUNDLE_LOADER = "$(TEST_HOST)";
				CODE_SIGN_STYLE = Automatic;
				CURRENT_PROJECT_VERSION = 1;
				DEVELOPMENT_TEAM = KN446JPPP4;
				GENERATE_INFOPLIST_FILE = YES;
				IPHONEOS_DEPLOYMENT_TARGET = 16.2;
				MARKETING_VERSION = 1.0;
				PRODUCT_BUNDLE_IDENTIFIER = DaneJApps.CaloricoTests;
				PRODUCT_NAME = "$(TARGET_NAME)";
				SWIFT_EMIT_LOC_STRINGS = NO;
				SWIFT_VERSION = 5.0;
				TARGETED_DEVICE_FAMILY = "1,2";
				TEST_HOST = "$(BUILT_PRODUCTS_DIR)/Calorico.app/$(BUNDLE_EXECUTABLE_FOLDER_PATH)/Calorico";
			};
			name = Debug;
		};
		DBAA03A529DB6E5B008EF134 /* Release */ = {
			isa = XCBuildConfiguration;
			baseConfigurationReference = 20D1F7625F96B02647577D3D /* Pods-CaloricoTests.release.xcconfig */;
			buildSettings = {
				ALWAYS_EMBED_SWIFT_STANDARD_LIBRARIES = YES;
				BUNDLE_LOADER = "$(TEST_HOST)";
				CODE_SIGN_STYLE = Automatic;
				CURRENT_PROJECT_VERSION = 1;
				DEVELOPMENT_TEAM = KN446JPPP4;
				GENERATE_INFOPLIST_FILE = YES;
				IPHONEOS_DEPLOYMENT_TARGET = 16.2;
				MARKETING_VERSION = 1.0;
				PRODUCT_BUNDLE_IDENTIFIER = DaneJApps.CaloricoTests;
				PRODUCT_NAME = "$(TARGET_NAME)";
				SWIFT_EMIT_LOC_STRINGS = NO;
				SWIFT_VERSION = 5.0;
				TARGETED_DEVICE_FAMILY = "1,2";
				TEST_HOST = "$(BUILT_PRODUCTS_DIR)/Calorico.app/$(BUNDLE_EXECUTABLE_FOLDER_PATH)/Calorico";
			};
			name = Release;
		};
		DBAA03A729DB6E5B008EF134 /* Debug */ = {
			isa = XCBuildConfiguration;
			baseConfigurationReference = 6D6DE88E34DE5978452DE440 /* Pods-Calorico-CaloricoUITests.debug.xcconfig */;
			buildSettings = {
				ALWAYS_EMBED_SWIFT_STANDARD_LIBRARIES = YES;
				CODE_SIGN_STYLE = Automatic;
				CURRENT_PROJECT_VERSION = 1;
				DEVELOPMENT_TEAM = KN446JPPP4;
				GENERATE_INFOPLIST_FILE = YES;
				MARKETING_VERSION = 1.0;
				PRODUCT_BUNDLE_IDENTIFIER = DaneJApps.CaloricoUITests;
				PRODUCT_NAME = "$(TARGET_NAME)";
				SWIFT_EMIT_LOC_STRINGS = NO;
				SWIFT_VERSION = 5.0;
				TARGETED_DEVICE_FAMILY = "1,2";
				TEST_TARGET_NAME = Calorico;
			};
			name = Debug;
		};
		DBAA03A829DB6E5B008EF134 /* Release */ = {
			isa = XCBuildConfiguration;
			baseConfigurationReference = 2B322F23347456F53872D3F3 /* Pods-Calorico-CaloricoUITests.release.xcconfig */;
			buildSettings = {
				ALWAYS_EMBED_SWIFT_STANDARD_LIBRARIES = YES;
				CODE_SIGN_STYLE = Automatic;
				CURRENT_PROJECT_VERSION = 1;
				DEVELOPMENT_TEAM = KN446JPPP4;
				GENERATE_INFOPLIST_FILE = YES;
				MARKETING_VERSION = 1.0;
				PRODUCT_BUNDLE_IDENTIFIER = DaneJApps.CaloricoUITests;
				PRODUCT_NAME = "$(TARGET_NAME)";
				SWIFT_EMIT_LOC_STRINGS = NO;
				SWIFT_VERSION = 5.0;
				TARGETED_DEVICE_FAMILY = "1,2";
				TEST_TARGET_NAME = Calorico;
			};
			name = Release;
		};
/* End XCBuildConfiguration section */

/* Begin XCConfigurationList section */
		DBAA036E29DB6E5A008EF134 /* Build configuration list for PBXProject "Calorico" */ = {
			isa = XCConfigurationList;
			buildConfigurations = (
				DBAA039E29DB6E5B008EF134 /* Debug */,
				DBAA039F29DB6E5B008EF134 /* Release */,
			);
			defaultConfigurationIsVisible = 0;
			defaultConfigurationName = Release;
		};
		DBAA03A029DB6E5B008EF134 /* Build configuration list for PBXNativeTarget "Calorico" */ = {
			isa = XCConfigurationList;
			buildConfigurations = (
				DBAA03A129DB6E5B008EF134 /* Debug */,
				DBAA03A229DB6E5B008EF134 /* Release */,
			);
			defaultConfigurationIsVisible = 0;
			defaultConfigurationName = Release;
		};
		DBAA03A329DB6E5B008EF134 /* Build configuration list for PBXNativeTarget "CaloricoTests" */ = {
			isa = XCConfigurationList;
			buildConfigurations = (
				DBAA03A429DB6E5B008EF134 /* Debug */,
				DBAA03A529DB6E5B008EF134 /* Release */,
			);
			defaultConfigurationIsVisible = 0;
			defaultConfigurationName = Release;
		};
		DBAA03A629DB6E5B008EF134 /* Build configuration list for PBXNativeTarget "CaloricoUITests" */ = {
			isa = XCConfigurationList;
			buildConfigurations = (
				DBAA03A729DB6E5B008EF134 /* Debug */,
				DBAA03A829DB6E5B008EF134 /* Release */,
			);
			defaultConfigurationIsVisible = 0;
			defaultConfigurationName = Release;
		};
/* End XCConfigurationList section */

/* Begin XCRemoteSwiftPackageReference section */
		DB3CB45B2AAD400E00EBED4E /* XCRemoteSwiftPackageReference "CryptoSwift" */ = {
			isa = XCRemoteSwiftPackageReference;
			repositoryURL = "https://github.com/krzyzanowskim/CryptoSwift.git";
			requirement = {
				kind = upToNextMajorVersion;
				minimumVersion = 1.0.0;
			};
		};
/* End XCRemoteSwiftPackageReference section */

/* Begin XCSwiftPackageProductDependency section */
		DB3CB45C2AAD400E00EBED4E /* CryptoSwift */ = {
			isa = XCSwiftPackageProductDependency;
			package = DB3CB45B2AAD400E00EBED4E /* XCRemoteSwiftPackageReference "CryptoSwift" */;
			productName = CryptoSwift;
		};
/* End XCSwiftPackageProductDependency section */

/* Begin XCVersionGroup section */
		DBAA037F29DB6E5A008EF134 /* Calorico.xcdatamodeld */ = {
			isa = XCVersionGroup;
			children = (
				DBAA038029DB6E5A008EF134 /* Calorico.xcdatamodel */,
			);
			currentVersion = DBAA038029DB6E5A008EF134 /* Calorico.xcdatamodel */;
			path = Calorico.xcdatamodeld;
			sourceTree = "<group>";
			versionGroupType = wrapper.xcdatamodel;
		};
/* End XCVersionGroup section */
	};
	rootObject = DBAA036B29DB6E5A008EF134 /* Project object */;
}
